
Microsoft Visual Studio Solution File, Format Version 12.00
# Visual Studio Version 16
VisualStudioVersion = 16.0.33130.400
MinimumVisualStudioVersion = 10.0.40219.1
Project("{FAE04EC0-301F-11D3-BF4B-00C04F79EFBC}") = "RZAccountManagerv8", "RZAccountManagerv8\RZAccountManagerv8.csproj", "{299522B6-CF5E-449F-B0B6-85A8A5562011}"
EndProject
Project("{FAE04EC0-301F-11D3-BF4B-00C04F79EFBC}") = "RZAccountManagerv8.Core", "RZAccountManagerv8.Core\RZAccountManagerv8.Core.csproj", "{79AAB449-7A44-4940-9108-E4E394295B85}"
EndProject
Global
	GlobalSection(SolutionConfigurationPlatforms) = preSolution
		Debug|Any CPU = Debug|Any CPU
		Release|Any CPU = Release|Any CPU
	EndGlobalSection
	GlobalSection(ProjectConfigurationPlatforms) = postSolution
		{299522B6-CF5E-449F-B0B6-85A8A5562011}.Debug|Any CPU.ActiveCfg = Debug|Any CPU
		{299522B6-CF5E-449F-B0B6-85A8A5562011}.Debug|Any CPU.Build.0 = Debug|Any CPU
		{299522B6-CF5E-449F-B0B6-85A8A5562011}.Release|Any CPU.ActiveCfg = Release|Any CPU
		{299522B6-CF5E-449F-B0B6-85A8A5562011}.Release|Any CPU.Build.0 = Release|Any CPU
		{79AAB449-7A44-4940-9108-E4E394295B85}.Debug|Any CPU.ActiveCfg = Debug|Any CPU
		{79AAB449-7A44-4940-9108-E4E394295B85}.Debug|Any CPU.Build.0 = Debug|Any CPU
		{79AAB449-7A44-4940-9108-E4E394295B85}.Release|Any CPU.ActiveCfg = Release|Any CPU
		{79AAB449-7A44-4940-9108-E4E394295B85}.Release|Any CPU.Build.0 = Release|Any CPU
	EndGlobalSection
	GlobalSection(SolutionProperties) = preSolution
		HideSolutionNode = FALSE
	EndGlobalSection
	GlobalSection(ExtensibilityGlobals) = postSolution
		SolutionGuid = {A84FECF7-1068-4389-9649-0E1D5381D853}
	EndGlobalSection
EndGlobal
